
Microsoft Visual Studio Solution File, Format Version 12.00
# Visual Studio Version 17
VisualStudioVersion = 17.14.36414.22 d17.14
MinimumVisualStudioVersion = 10.0.40219.1
Project("{FAE04EC0-301F-11D3-BF4B-00C04F79EFBC}") = "WebApi", "WebApi\WebApi.csproj", "{C2208B56-038E-450F-85F4-D8E22A7587FE}"
EndProject
Project("{FAE04EC0-301F-11D3-BF4B-00C04F79EFBC}") = "DataAccess", "DataAccess\DataAccess.csproj", "{6B2E6539-4CAB-4DCF-A82A-029FB06BC487}"
EndProject
Project("{FAE04EC0-301F-11D3-BF4B-00C04F79EFBC}") = "Models", "Models\Models.csproj", "{B7E16D3F-556A-4D6D-9BFF-22163D50880E}"
EndProject
Global
	GlobalSection(SolutionConfigurationPlatforms) = preSolution
		Debug|Any CPU = Debug|Any CPU
		Release|Any CPU = Release|Any CPU
	EndGlobalSection
	GlobalSection(ProjectConfigurationPlatforms) = postSolution
		{C2208B56-038E-450F-85F4-D8E22A7587FE}.Debug|Any CPU.ActiveCfg = Debug|Any CPU
		{C2208B56-038E-450F-85F4-D8E22A7587FE}.Debug|Any CPU.Build.0 = Debug|Any CPU
		{C2208B56-038E-450F-85F4-D8E22A7587FE}.Release|Any CPU.ActiveCfg = Release|Any CPU
		{C2208B56-038E-450F-85F4-D8E22A7587FE}.Release|Any CPU.Build.0 = Release|Any CPU
		{6B2E6539-4CAB-4DCF-A82A-029FB06BC487}.Debug|Any CPU.ActiveCfg = Debug|Any CPU
		{6B2E6539-4CAB-4DCF-A82A-029FB06BC487}.Debug|Any CPU.Build.0 = Debug|Any CPU
		{6B2E6539-4CAB-4DCF-A82A-029FB06BC487}.Release|Any CPU.ActiveCfg = Release|Any CPU
		{6B2E6539-4CAB-4DCF-A82A-029FB06BC487}.Release|Any CPU.Build.0 = Release|Any CPU
		{B7E16D3F-556A-4D6D-9BFF-22163D50880E}.Debug|Any CPU.ActiveCfg = Debug|Any CPU
		{B7E16D3F-556A-4D6D-9BFF-22163D50880E}.Debug|Any CPU.Build.0 = Debug|Any CPU
		{B7E16D3F-556A-4D6D-9BFF-22163D50880E}.Release|Any CPU.ActiveCfg = Release|Any CPU
		{B7E16D3F-556A-4D6D-9BFF-22163D50880E}.Release|Any CPU.Build.0 = Release|Any CPU
	EndGlobalSection
	GlobalSection(SolutionProperties) = preSolution
		HideSolutionNode = FALSE
	EndGlobalSection
	GlobalSection(ExtensibilityGlobals) = postSolution
		SolutionGuid = {45CDFC12-B789-4252-A89B-3B4A0DE31B44}
	EndGlobalSection
EndGlobal
